{
  "version": 1,
  "dependencies": {
    "net10.0-windows7.0": {
      "DiscordRichPresence": {
        "type": "Direct",
        "requested": "[1.6.1.70, )",
        "resolved": "1.6.1.70",
        "contentHash": "yho1fdhbsedICHdfHe/Tu3IX6a5oj4fiPFL0keZStlsh7T/FrdjcwZZ7C1uC2HUvcXbFh+VEJvcbo1W66QtkUg==",
        "dependencies": {
          "Newtonsoft.Json": "13.0.1"
        }
      },
      "DynamicData": {
        "type": "Direct",
        "requested": "[9.4.1, )",
        "resolved": "9.4.1",
        "contentHash": "+SoDTbuzY9j0K+sZfRbbVpGjjylkVMhUQnw6qiPhxzYLBJlwxFpmunXSaNBtTxwC2C9d/XIp0kO7VhMAVuUt7w==",
        "dependencies": {
          "System.Reactive": "6.0.1"
        }
      },
      "Microsoft.NET.ILLink.Tasks": {
        "type": "Direct",
        "requested": "[10.0.0, )",
        "resolved": "10.0.0",
        "contentHash": "kICGrGYEzCNI3wPzfEXcwNHgTvlvVn9yJDhSdRK+oZQy4jvYH529u7O0xf5ocQKzOMjfS07+3z9PKRIjrFMJDA=="
      },
      "Microsoft.Win32.Registry": {
        "type": "Direct",
        "requested": "[5.0.0, )",
        "resolved": "5.0.0",
        "contentHash": "dDoKi0PnDz31yAyETfRntsLArTlVAVzUzCIvvEDsDsucrl33Dl8pIJG06ePTJTI3tGpeyHS9Cq7Foc/s4EeKcg=="
      },
      "Polly": {
        "type": "Direct",
        "requested": "[8.6.5, )",
        "resolved": "8.6.5",
        "contentHash": "VqtW2ZE/ALvQMAH1cQY3qZ2cF2OXa3oe/HKMdOv6Q02HCoEW0rsFNfcBONXlHBe1TnjWW1vdRxBEkPeq0/2FHA==",
        "dependencies": {
          "Polly.Core": "8.6.5"
        }
      },
      "Serilog": {
        "type": "Direct",
        "requested": "[4.3.0, )",
        "resolved": "4.3.0",
        "contentHash": "+cDryFR0GRhsGOnZSKwaDzRRl4MupvJ42FhCE4zhQRVanX0Jpg6WuCBk59OVhVDPmab1bB+nRykAnykYELA9qQ=="
      },
      "Serilog.Enrichers.Process": {
        "type": "Direct",
        "requested": "[3.0.0, )",
        "resolved": "3.0.0",
        "contentHash": "/wPYz2PDCJGSHNI+Z0PAacZvrgZgrGduWqLXeC2wvW6pgGM/Bi45JrKy887MRcRPHIZVU0LAlkmJ7TkByC0boQ==",
        "dependencies": {
          "Serilog": "4.0.0"
        }
      },
      "Serilog.Settings.Configuration": {
        "type": "Direct",
        "requested": "[10.0.0, )",
        "resolved": "10.0.0",
        "contentHash": "LNq+ibS1sbhTqPV1FIE69/9AJJbfaOhnaqkzcjFy95o+4U+STsta9mi97f1smgXsWYKICDeGUf8xUGzd/52/uA==",
        "dependencies": {
          "Microsoft.Extensions.Configuration.Binder": "10.0.0",
          "Microsoft.Extensions.DependencyModel": "10.0.0",
          "Serilog": "4.3.0"
        }
      },
      "Serilog.Sinks.Console.LogThemes": {
        "type": "Direct",
        "requested": "[0.4.0, )",
        "resolved": "0.4.0",
        "contentHash": "w7OLGCJXM7QPvacr52IyKI9lQIEo7VE9az7lyDH7sfeygpQGQbxMzU7uWFVDMYoQv+XRZ0KFvy8jGZQtjjH8Ew==",
        "dependencies": {
          "Serilog.Sinks.Console": "4.1.0"
        }
      },
      "Serilog.Sinks.Seq": {
        "type": "Direct",
        "requested": "[9.0.0, )",
        "resolved": "9.0.0",
        "contentHash": "aNU8A0K322q7+voPNmp1/qNPH+9QK8xvM1p72sMmCG0wGlshFzmtDW9QnVSoSYCj0MgQKcMOlgooovtBhRlNHw==",
        "dependencies": {
          "Serilog": "4.2.0",
          "Serilog.Sinks.File": "6.0.0"
        }
      },
      "Vanara.PInvoke.Kernel32": {
        "type": "Direct",
        "requested": "[4.2.1, )",
        "resolved": "4.2.1",
        "contentHash": "RDHekPrUI+u8+3Iy6/X7wV+TDTSf+OwWLhmWhQBUgk2QfK6a0jjWzJvxowC6NQXCHk18s7z3cFaoQXlnbMymqg==",
        "dependencies": {
          "Vanara.Core": "4.2.1",
          "Vanara.PInvoke.Shared": "4.2.1"
        }
      },
      "Velopack": {
        "type": "Direct",
        "requested": "[0.0.1298, )",
        "resolved": "0.0.1298",
        "contentHash": "PJ6Nm28qJ4ChsHYzgHUJ8g+DGyyHes2+bwxY709+znMhgi8fMp8M1FTF8x6pZMjnsPCWVwoMlxVEyq0NLeRZtA==",
        "dependencies": {
          "NuGet.Versioning": "6.14.0"
        }
      },
      "Microsoft.Extensions.Configuration": {
        "type": "Transitive",
        "resolved": "10.0.0",
        "contentHash": "H4SWETCh/cC5L1WtWchHR6LntGk3rDTTznZMssr4cL8IbDmMWBxY+MOGDc/ASnqNolLKPIWHWeuC1ddiL/iNPw==",
        "dependencies": {
          "Microsoft.Extensions.Configuration.Abstractions": "10.0.0",
          "Microsoft.Extensions.Primitives": "10.0.0"
        }
      },
      "Microsoft.Extensions.Configuration.Abstractions": {
        "type": "Transitive",
        "resolved": "10.0.0",
        "contentHash": "d2kDKnCsJvY7mBVhcjPSp9BkJk48DsaHPg5u+Oy4f8XaOqnEedRy/USyvnpHL92wpJ6DrTPy7htppUUzskbCXQ==",
        "dependencies": {
          "Microsoft.Extensions.Primitives": "10.0.0"
        }
      },
      "Microsoft.Extensions.Configuration.Binder": {
        "type": "Transitive",
        "resolved": "10.0.0",
        "contentHash": "tMF9wNh+hlyYDWB8mrFCQHQmWHlRosol1b/N2Jrefy1bFLnuTlgSYmPyHNmz8xVQgs7DpXytBRWxGhG+mSTp0g==",
        "dependencies": {
          "Microsoft.Extensions.Configuration": "10.0.0",
          "Microsoft.Extensions.Configuration.Abstractions": "10.0.0"
        }
      },
      "Microsoft.Extensions.DependencyModel": {
        "type": "Transitive",
        "resolved": "10.0.0",
        "contentHash": "RFYJR7APio/BiqdQunRq6DB+nDB6nc2qhHr77mlvZ0q0BT8PubMXN7XicmfzCbrDE/dzhBnUKBRXLTcqUiZDGg=="
      },
      "Microsoft.Extensions.Primitives": {
        "type": "Transitive",
        "resolved": "10.0.0",
        "contentHash": "inRnbpCS0nwO/RuoZIAqxQUuyjaknOOnCEZB55KSMMjRhl0RQDttSmLSGsUJN3RQ3ocf5NDLFd2mOQViHqMK5w=="
      },
      "Newtonsoft.Json": {
        "type": "Transitive",
        "resolved": "13.0.1",
        "contentHash": "ppPFpBcvxdsfUonNcvITKqLl3bqxWbDCZIzDWHzjpdAHRFfZe0Dw9HmA0+za13IdyrgJwpkDTDA9fHaxOrt20A=="
      },
      "NuGet.Versioning": {
        "type": "Transitive",
        "resolved": "6.14.0",
        "contentHash": "4v4blkhCv8mpKtfx+z0G/X0daVCzdIaHSC51GkUspugi5JIMn2Bo8xm5PdZYF0U68gOBfz/+aPWMnpRd85Jbow=="
      },
      "Polly.Core": {
        "type": "Transitive",
        "resolved": "8.6.5",
        "contentHash": "t+sUVrIwvo7UmsgHGgOG9F0GDZSRIm47u2ylH17Gvcv1q5hNEwgD5GoBlFyc0kh/pebmPyrAgvGsR/65ZBaXlg=="
      },
      "Serilog.Sinks.Console": {
        "type": "Transitive",
        "resolved": "4.1.0",
        "contentHash": "K6N5q+5fetjnJPvCmkWOpJ/V8IEIoMIB1s86OzBrbxwTyHxdx3pmz4H+8+O/Dc/ftUX12DM1aynx/dDowkwzqg==",
        "dependencies": {
          "Serilog": "2.10.0"
        }
      },
      "Serilog.Sinks.File": {
        "type": "Transitive",
        "resolved": "6.0.0",
        "contentHash": "lxjg89Y8gJMmFxVkbZ+qDgjl+T4yC5F7WSLTvA+5q0R04tfKVLRL/EHpYoJ/MEQd2EeCKDuylBIVnAYMotmh2A==",
        "dependencies": {
          "Serilog": "4.0.0"
        }
      },
      "System.Reactive": {
        "type": "Transitive",
        "resolved": "6.0.1",
        "contentHash": "rHaWtKDwCi9qJ3ObKo8LHPMuuwv33YbmQi7TcUK1C264V3MFnOr5Im7QgCTdLniztP3GJyeiSg5x8NqYJFqRmg=="
      },
      "Vanara.Core": {
        "type": "Transitive",
        "resolved": "4.2.1",
        "contentHash": "S6Hk/up/27HfKK2PaXx0oWE8szV0dktT0u2n5xL7iNFbS/zC7K7ZA7i1h6I8LpHwQNbvPddWewb/mSEmZl00/Q=="
      },
      "Vanara.PInvoke.Shared": {
        "type": "Transitive",
        "resolved": "4.2.1",
        "contentHash": "EVLvS02V6mL3xWo4cMv0OCo5H3uVR0eWxb0TtfcoI/SVaCKYWi1F000nax+uuEBJGmS90cfpYDvsgPn408b2ag==",
        "dependencies": {
          "Vanara.Core": "4.2.1"
        }
      },
      "Dawn.WinForms.ContextMenu": {
        "type": "Project"
      }
    },
    "net10.0-windows7.0/win-x64": {
      "Microsoft.Win32.Registry": {
        "type": "Direct",
        "requested": "[5.0.0, )",
        "resolved": "5.0.0",
        "contentHash": "dDoKi0PnDz31yAyETfRntsLArTlVAVzUzCIvvEDsDsucrl33Dl8pIJG06ePTJTI3tGpeyHS9Cq7Foc/s4EeKcg=="
      }
    }
  }
}