{
  "version": 1,
  "dependencies": {
    "net8.0-windows7.0": {
      "DiscordRichPresence": {
        "type": "Direct",
        "requested": "[1.2.1.24, )",
        "resolved": "1.2.1.24",
        "contentHash": "DVmmlFQ/oQmidNRmZhPzYjC7ryaT4beWcKaMKPVw6fhOzM/HOoY6NOL4KMOYEnD4M7SNsODjleYimvUNIZcbiA==",
        "dependencies": {
          "Microsoft.Win32.Registry": "4.5.0",
          "Newtonsoft.Json": "13.0.1"
        }
      },
      "Microsoft.NET.ILLink.Tasks": {
        "type": "Direct",
        "requested": "[8.0.13, )",
        "resolved": "8.0.13",
        "contentHash": "R19ZTaRiQAK+xo9ZwaHbF/1vb1wwR1Wn5+sqp9v8+CDjbdS8R6qftKdw0VSXWKm7VAMi7P+NCU4zxDzhEWcAwQ=="
      },
      "Microsoft.Win32.Registry": {
        "type": "Direct",
        "requested": "[5.0.0, )",
        "resolved": "5.0.0",
        "contentHash": "dDoKi0PnDz31yAyETfRntsLArTlVAVzUzCIvvEDsDsucrl33Dl8pIJG06ePTJTI3tGpeyHS9Cq7Foc/s4EeKcg==",
        "dependencies": {
          "System.Security.AccessControl": "5.0.0",
          "System.Security.Principal.Windows": "5.0.0"
        }
      },
      "Polly": {
        "type": "Direct",
        "requested": "[8.5.2, )",
        "resolved": "8.5.2",
        "contentHash": "vbXsGgkG86nG+TOwY+SmtrGrRHmHH0DQaxtILx//d3Dz/ocJ8izSNYzdvU2gEtWa/LDD8zJLvD3HdjEkdlvkhg==",
        "dependencies": {
          "Polly.Core": "8.5.2"
        }
      },
      "Serilog": {
        "type": "Direct",
        "requested": "[4.2.0, )",
        "resolved": "4.2.0",
        "contentHash": "gmoWVOvKgbME8TYR+gwMf7osROiWAURterc6Rt2dQyX7wtjZYpqFiA/pY6ztjGQKKV62GGCyOcmtP1UKMHgSmA=="
      },
      "Serilog.Enrichers.Process": {
        "type": "Direct",
        "requested": "[3.0.0, )",
        "resolved": "3.0.0",
        "contentHash": "/wPYz2PDCJGSHNI+Z0PAacZvrgZgrGduWqLXeC2wvW6pgGM/Bi45JrKy887MRcRPHIZVU0LAlkmJ7TkByC0boQ==",
        "dependencies": {
          "Serilog": "4.0.0"
        }
      },
      "Serilog.Settings.Configuration": {
        "type": "Direct",
        "requested": "[9.0.0, )",
        "resolved": "9.0.0",
        "contentHash": "4/Et4Cqwa+F88l5SeFeNZ4c4Z6dEAIKbu3MaQb2Zz9F/g27T5a3wvfMcmCOaAiACjfUb4A6wrlTVfyYUZk3RRQ==",
        "dependencies": {
          "Microsoft.Extensions.Configuration.Binder": "9.0.0",
          "Microsoft.Extensions.DependencyModel": "9.0.0",
          "Serilog": "4.2.0"
        }
      },
      "Serilog.Sinks.Console.LogThemes": {
        "type": "Direct",
        "requested": "[0.3.0, )",
        "resolved": "0.3.0",
        "contentHash": "6r5wQsJp/9u3i9Boqy4FCn26ibfzI3Irijm+05yJ/63f9KFC5TCrw9erH25XNYJd2++AldpKpvLfH37+JpKL4g==",
        "dependencies": {
          "Serilog.Sinks.Console": "4.1.0"
        }
      },
      "Serilog.Sinks.Seq": {
        "type": "Direct",
        "requested": "[9.0.0, )",
        "resolved": "9.0.0",
        "contentHash": "aNU8A0K322q7+voPNmp1/qNPH+9QK8xvM1p72sMmCG0wGlshFzmtDW9QnVSoSYCj0MgQKcMOlgooovtBhRlNHw==",
        "dependencies": {
          "Serilog": "4.2.0",
          "Serilog.Sinks.File": "6.0.0"
        }
      },
      "Vanara.PInvoke.Kernel32": {
        "type": "Direct",
        "requested": "[4.0.4, )",
        "resolved": "4.0.4",
        "contentHash": "VdyvgUaPuTL5GQEhnfzC3rOskbXVBipdMsBmTpiEa9tEj2Gk7QkNs8Kfki+9/x/BUwnIn4c0/XT+HTJ1x5yAnw==",
        "dependencies": {
          "Vanara.Core": "4.0.4",
          "Vanara.PInvoke.Shared": "4.0.4"
        }
      },
      "Velopack": {
        "type": "Direct",
        "requested": "[0.0.1053, )",
        "resolved": "0.0.1053",
        "contentHash": "hbSFBfwAAEg5GGKkocDPiyYA+FxyrkXo2pJJCcrgOv1xnSupINpYXk2l9M/M7LEjKiH42pq+NmcG/+CwQvTbvA==",
        "dependencies": {
          "Microsoft.Extensions.Logging.Abstractions": "8.0.0",
          "NuGet.Versioning": "6.12.1"
        }
      },
      "Microsoft.Extensions.Configuration.Abstractions": {
        "type": "Transitive",
        "resolved": "9.0.0",
        "contentHash": "lqvd7W3FGKUO1+ZoUEMaZ5XDJeWvjpy2/M/ptCGz3tXLD4HWVaSzjufsAsjemasBEg+2SxXVtYVvGt5r2nKDlg==",
        "dependencies": {
          "Microsoft.Extensions.Primitives": "9.0.0"
        }
      },
      "Microsoft.Extensions.Configuration.Binder": {
        "type": "Transitive",
        "resolved": "9.0.0",
        "contentHash": "RiScL99DcyngY9zJA2ROrri7Br8tn5N4hP4YNvGdTN/bvg1A3dwvDOxHnNZ3Im7x2SJ5i4LkX1uPiR/MfSFBLQ==",
        "dependencies": {
          "Microsoft.Extensions.Configuration.Abstractions": "9.0.0"
        }
      },
      "Microsoft.Extensions.DependencyInjection.Abstractions": {
        "type": "Transitive",
        "resolved": "8.0.0",
        "contentHash": "cjWrLkJXK0rs4zofsK4bSdg+jhDLTaxrkXu4gS6Y7MAlCvRyNNgwY/lJi5RDlQOnSZweHqoyvgvbdvQsRIW+hg=="
      },
      "Microsoft.Extensions.DependencyModel": {
        "type": "Transitive",
        "resolved": "9.0.0",
        "contentHash": "saxr2XzwgDU77LaQfYFXmddEDRUKHF4DaGMZkNB3qjdVSZlax3//dGJagJkKrGMIPNZs2jVFXITyCCR6UHJNdA==",
        "dependencies": {
          "System.Text.Encodings.Web": "9.0.0",
          "System.Text.Json": "9.0.0"
        }
      },
      "Microsoft.Extensions.Logging.Abstractions": {
        "type": "Transitive",
        "resolved": "8.0.0",
        "contentHash": "arDBqTgFCyS0EvRV7O3MZturChstm50OJ0y9bDJvAcmEPJm0FFpFyjU/JLYyStNGGey081DvnQYlncNX5SJJGA==",
        "dependencies": {
          "Microsoft.Extensions.DependencyInjection.Abstractions": "8.0.0"
        }
      },
      "Microsoft.Extensions.Primitives": {
        "type": "Transitive",
        "resolved": "9.0.0",
        "contentHash": "N3qEBzmLMYiASUlKxxFIISP4AiwuPTHF5uCh+2CWSwwzAJiIYx0kBJsS30cp1nvhSySFAVi30jecD307jV+8Kg=="
      },
      "Microsoft.NETCore.Platforms": {
        "type": "Transitive",
        "resolved": "5.0.0",
        "contentHash": "VyPlqzH2wavqquTcYpkIIAQ6WdenuKoFN0BdYBbCWsclXacSOHNQn66Gt4z5NBqEYW0FAPm5rlvki9ZiCij5xQ=="
      },
      "Newtonsoft.Json": {
        "type": "Transitive",
        "resolved": "13.0.1",
        "contentHash": "ppPFpBcvxdsfUonNcvITKqLl3bqxWbDCZIzDWHzjpdAHRFfZe0Dw9HmA0+za13IdyrgJwpkDTDA9fHaxOrt20A=="
      },
      "NuGet.Versioning": {
        "type": "Transitive",
        "resolved": "6.12.1",
        "contentHash": "fJ6rFYANDnohFsdpaY79FvrJxI6murmoOxXz6nZlf819F48+IBKMnAIg3oIBRtZq5y498ObMtKnro5IitvizUg=="
      },
      "Polly.Core": {
        "type": "Transitive",
        "resolved": "8.5.2",
        "contentHash": "1MJKdxv4zwDmiWvYvVN24DsrWUfgQ4F83voH8bhbtLMdPuGy8CfTUzsgQhvyrl1a7hrM6f/ydwLVdVUI0xooUw=="
      },
      "Serilog.Sinks.Console": {
        "type": "Transitive",
        "resolved": "4.1.0",
        "contentHash": "K6N5q+5fetjnJPvCmkWOpJ/V8IEIoMIB1s86OzBrbxwTyHxdx3pmz4H+8+O/Dc/ftUX12DM1aynx/dDowkwzqg==",
        "dependencies": {
          "Serilog": "2.10.0"
        }
      },
      "Serilog.Sinks.File": {
        "type": "Transitive",
        "resolved": "6.0.0",
        "contentHash": "lxjg89Y8gJMmFxVkbZ+qDgjl+T4yC5F7WSLTvA+5q0R04tfKVLRL/EHpYoJ/MEQd2EeCKDuylBIVnAYMotmh2A==",
        "dependencies": {
          "Serilog": "4.0.0"
        }
      },
      "System.IO.Pipelines": {
        "type": "Transitive",
        "resolved": "9.0.0",
        "contentHash": "eA3cinogwaNB4jdjQHOP3Z3EuyiDII7MT35jgtnsA4vkn0LUrrSHsU0nzHTzFzmaFYeKV7MYyMxOocFzsBHpTw=="
      },
      "System.Security.AccessControl": {
        "type": "Transitive",
        "resolved": "5.0.0",
        "contentHash": "dagJ1mHZO3Ani8GH0PHpPEe/oYO+rVdbQjvjJkBRNQkX4t0r1iaeGn8+/ybkSLEan3/slM0t59SVdHzuHf2jmw==",
        "dependencies": {
          "Microsoft.NETCore.Platforms": "5.0.0",
          "System.Security.Principal.Windows": "5.0.0"
        }
      },
      "System.Security.Principal.Windows": {
        "type": "Transitive",
        "resolved": "5.0.0",
        "contentHash": "t0MGLukB5WAVU9bO3MGzvlGnyJPgUlcwerXn1kzBRjwLKixT96XV0Uza41W49gVd8zEMFu9vQEFlv0IOrytICA=="
      },
      "System.Text.Encodings.Web": {
        "type": "Transitive",
        "resolved": "9.0.0",
        "contentHash": "e2hMgAErLbKyUUwt18qSBf9T5Y+SFAL3ZedM8fLupkVj8Rj2PZ9oxQ37XX2LF8fTO1wNIxvKpihD7Of7D/NxZw=="
      },
      "System.Text.Json": {
        "type": "Transitive",
        "resolved": "9.0.0",
        "contentHash": "js7+qAu/9mQvnhA4EfGMZNEzXtJCDxgkgj8ohuxq/Qxv+R56G+ljefhiJHOxTNiw54q8vmABCWUwkMulNdlZ4A==",
        "dependencies": {
          "System.IO.Pipelines": "9.0.0",
          "System.Text.Encodings.Web": "9.0.0"
        }
      },
      "Vanara.Core": {
        "type": "Transitive",
        "resolved": "4.0.4",
        "contentHash": "nw80UaQg9vaDc4DUu2RSLtJvcQMzz3Ys5okYNYKt2QIzaZMn2oBdKxrx0s3RA6RwqZ4wEW6/1Wyp6pJAI2G5JQ=="
      },
      "Vanara.PInvoke.Shared": {
        "type": "Transitive",
        "resolved": "4.0.4",
        "contentHash": "b14beVrX7644+NwbXlHMwZnbeHfpmfE1RvJgC9Bqcmx7WfeFpEAg1u4Bv5aQTvIIqTFYa0x5zwy7kSEwM1ol5Q==",
        "dependencies": {
          "Vanara.Core": "4.0.4"
        }
      },
      "Dawn.WinForms.ContextMenu": {
        "type": "Project"
      }
    },
    "net8.0-windows7.0/win-x64": {
      "Microsoft.Win32.Registry": {
        "type": "Direct",
        "requested": "[5.0.0, )",
        "resolved": "5.0.0",
        "contentHash": "dDoKi0PnDz31yAyETfRntsLArTlVAVzUzCIvvEDsDsucrl33Dl8pIJG06ePTJTI3tGpeyHS9Cq7Foc/s4EeKcg==",
        "dependencies": {
          "System.Security.AccessControl": "5.0.0",
          "System.Security.Principal.Windows": "5.0.0"
        }
      },
      "System.Security.AccessControl": {
        "type": "Transitive",
        "resolved": "5.0.0",
        "contentHash": "dagJ1mHZO3Ani8GH0PHpPEe/oYO+rVdbQjvjJkBRNQkX4t0r1iaeGn8+/ybkSLEan3/slM0t59SVdHzuHf2jmw==",
        "dependencies": {
          "Microsoft.NETCore.Platforms": "5.0.0",
          "System.Security.Principal.Windows": "5.0.0"
        }
      },
      "System.Security.Principal.Windows": {
        "type": "Transitive",
        "resolved": "5.0.0",
        "contentHash": "t0MGLukB5WAVU9bO3MGzvlGnyJPgUlcwerXn1kzBRjwLKixT96XV0Uza41W49gVd8zEMFu9vQEFlv0IOrytICA=="
      },
      "System.Text.Encodings.Web": {
        "type": "Transitive",
        "resolved": "9.0.0",
        "contentHash": "e2hMgAErLbKyUUwt18qSBf9T5Y+SFAL3ZedM8fLupkVj8Rj2PZ9oxQ37XX2LF8fTO1wNIxvKpihD7Of7D/NxZw=="
      }
    }
  }
}